
Microsoft Visual Studio Solution File, Format Version 12.00
# Visual Studio 15
VisualStudioVersion = 15.0.27130.2027
MinimumVisualStudioVersion = 10.0.40219.1
Project("{FAE04EC0-301F-11D3-BF4B-00C04F79EFBC}") = "AsyncScratchpad", "AsyncScratchpad\AsyncScratchpad.csproj", "{D729DC9D-A9E4-4487-AFEC-C9B9D053EB7A}"
EndProject
Project("{FAE04EC0-301F-11D3-BF4B-00C04F79EFBC}") = "WebFrontEnd", "WebFrontEnd\WebFrontEnd.csproj", "{11365ABD-FF42-4A0E-88B7-5303AE8DE8DB}"
EndProject
Project("{FAE04EC0-301F-11D3-BF4B-00C04F79EFBC}") = "WcfDataService", "WcfDataService\WcfDataService.csproj", "{C0B06305-FF05-4397-B9DA-1DAD54B81BF9}"
EndProject
Project("{FAE04EC0-301F-11D3-BF4B-00C04F79EFBC}") = "WcfDataService.Tests", "WcfDataService.Tests\WcfDataService.Tests.csproj", "{65AD2974-5C49-43A9-8909-4667A343C8C2}"
EndProject
Global
	GlobalSection(SolutionConfigurationPlatforms) = preSolution
		Debug|Any CPU = Debug|Any CPU
		Release|Any CPU = Release|Any CPU
	EndGlobalSection
	GlobalSection(ProjectConfigurationPlatforms) = postSolution
		{D729DC9D-A9E4-4487-AFEC-C9B9D053EB7A}.Debug|Any CPU.ActiveCfg = Debug|Any CPU
		{D729DC9D-A9E4-4487-AFEC-C9B9D053EB7A}.Debug|Any CPU.Build.0 = Debug|Any CPU
		{D729DC9D-A9E4-4487-AFEC-C9B9D053EB7A}.Release|Any CPU.ActiveCfg = Release|Any CPU
		{D729DC9D-A9E4-4487-AFEC-C9B9D053EB7A}.Release|Any CPU.Build.0 = Release|Any CPU
		{11365ABD-FF42-4A0E-88B7-5303AE8DE8DB}.Debug|Any CPU.ActiveCfg = Debug|Any CPU
		{11365ABD-FF42-4A0E-88B7-5303AE8DE8DB}.Debug|Any CPU.Build.0 = Debug|Any CPU
		{11365ABD-FF42-4A0E-88B7-5303AE8DE8DB}.Release|Any CPU.ActiveCfg = Release|Any CPU
		{11365ABD-FF42-4A0E-88B7-5303AE8DE8DB}.Release|Any CPU.Build.0 = Release|Any CPU
		{C0B06305-FF05-4397-B9DA-1DAD54B81BF9}.Debug|Any CPU.ActiveCfg = Debug|Any CPU
		{C0B06305-FF05-4397-B9DA-1DAD54B81BF9}.Debug|Any CPU.Build.0 = Debug|Any CPU
		{C0B06305-FF05-4397-B9DA-1DAD54B81BF9}.Release|Any CPU.ActiveCfg = Release|Any CPU
		{C0B06305-FF05-4397-B9DA-1DAD54B81BF9}.Release|Any CPU.Build.0 = Release|Any CPU
		{65AD2974-5C49-43A9-8909-4667A343C8C2}.Debug|Any CPU.ActiveCfg = Debug|Any CPU
		{65AD2974-5C49-43A9-8909-4667A343C8C2}.Debug|Any CPU.Build.0 = Debug|Any CPU
		{65AD2974-5C49-43A9-8909-4667A343C8C2}.Release|Any CPU.ActiveCfg = Release|Any CPU
		{65AD2974-5C49-43A9-8909-4667A343C8C2}.Release|Any CPU.Build.0 = Release|Any CPU
	EndGlobalSection
	GlobalSection(SolutionProperties) = preSolution
		HideSolutionNode = FALSE
	EndGlobalSection
	GlobalSection(ExtensibilityGlobals) = postSolution
		SolutionGuid = {1EBF43A2-F9FB-4169-B6C7-583B8F68D90C}
	EndGlobalSection
EndGlobal
