
Microsoft Visual Studio Solution File, Format Version 12.00
# Visual Studio 15
VisualStudioVersion = 15.0.27130.2027
MinimumVisualStudioVersion = 10.0.40219.1
Project("{FAE04EC0-301F-11D3-BF4B-00C04F79EFBC}") = "AsyncScratchpad", "AsyncScratchpad\AsyncScratchpad.csproj", "{D729DC9D-A9E4-4487-AFEC-C9B9D053EB7A}"
EndProject
Project("{9A19103F-16F7-4668-BE54-9A1E7A4F7556}") = "WebFrontEnd", "WebFrontEnd\WebFrontEnd.csproj", "{11365ABD-FF42-4A0E-88B7-5303AE8DE8DB}"
EndProject
Project("{FAE04EC0-301F-11D3-BF4B-00C04F79EFBC}") = "WcfDataService", "WcfDataService\WcfDataService.csproj", "{C0B06305-FF05-4397-B9DA-1DAD54B81BF9}"
EndProject
Project("{FAE04EC0-301F-11D3-BF4B-00C04F79EFBC}") = "WcfDataService.Tests", "WcfDataService.Tests\WcfDataService.Tests.csproj", "{65AD2974-5C49-43A9-8909-4667A343C8C2}"
EndProject
Project("{FAE04EC0-301F-11D3-BF4B-00C04F79EFBC}") = "MvcWebApp", "MvcWebApp\MvcWebApp.csproj", "{1C465F50-F53F-41E1-881E-02DEDDF37B17}"
	ProjectSection(ProjectDependencies) = postProject
		{C0B06305-FF05-4397-B9DA-1DAD54B81BF9} = {C0B06305-FF05-4397-B9DA-1DAD54B81BF9}
	EndProjectSection
EndProject
Project("{FAE04EC0-301F-11D3-BF4B-00C04F79EFBC}") = "MvcWebApp.Tests", "MvcWebApp.Tests\MvcWebApp.Tests.csproj", "{C35CAEE5-6F41-4A06-8AA9-8D166467471C}"
EndProject
Project("{2150E333-8FDC-42A3-9474-1A3956D46DE8}") = "Mvc", "Mvc", "{507F1FEF-F67A-4BD6-82E3-F389FC5E5984}"
EndProject
Project("{2150E333-8FDC-42A3-9474-1A3956D46DE8}") = "Console", "Console", "{8FF33F35-47BA-46AB-8052-ED7FC4EBC6D3}"
EndProject
Project("{2150E333-8FDC-42A3-9474-1A3956D46DE8}") = "Wcf", "Wcf", "{2EA5E3A4-5533-4018-83EB-C99EDC70E085}"
EndProject
Project("{2150E333-8FDC-42A3-9474-1A3956D46DE8}") = "React", "React", "{D4C205D7-35FB-4308-8440-D10D9C79490A}"
EndProject
Global
	GlobalSection(SolutionConfigurationPlatforms) = preSolution
		Debug|Any CPU = Debug|Any CPU
		Release|Any CPU = Release|Any CPU
	EndGlobalSection
	GlobalSection(ProjectConfigurationPlatforms) = postSolution
		{D729DC9D-A9E4-4487-AFEC-C9B9D053EB7A}.Debug|Any CPU.ActiveCfg = Debug|Any CPU
		{D729DC9D-A9E4-4487-AFEC-C9B9D053EB7A}.Debug|Any CPU.Build.0 = Debug|Any CPU
		{D729DC9D-A9E4-4487-AFEC-C9B9D053EB7A}.Release|Any CPU.ActiveCfg = Release|Any CPU
		{D729DC9D-A9E4-4487-AFEC-C9B9D053EB7A}.Release|Any CPU.Build.0 = Release|Any CPU
		{11365ABD-FF42-4A0E-88B7-5303AE8DE8DB}.Debug|Any CPU.ActiveCfg = Debug|Any CPU
		{11365ABD-FF42-4A0E-88B7-5303AE8DE8DB}.Debug|Any CPU.Build.0 = Debug|Any CPU
		{11365ABD-FF42-4A0E-88B7-5303AE8DE8DB}.Release|Any CPU.ActiveCfg = Release|Any CPU
		{11365ABD-FF42-4A0E-88B7-5303AE8DE8DB}.Release|Any CPU.Build.0 = Release|Any CPU
		{C0B06305-FF05-4397-B9DA-1DAD54B81BF9}.Debug|Any CPU.ActiveCfg = Debug|Any CPU
		{C0B06305-FF05-4397-B9DA-1DAD54B81BF9}.Debug|Any CPU.Build.0 = Debug|Any CPU
		{C0B06305-FF05-4397-B9DA-1DAD54B81BF9}.Release|Any CPU.ActiveCfg = Release|Any CPU
		{C0B06305-FF05-4397-B9DA-1DAD54B81BF9}.Release|Any CPU.Build.0 = Release|Any CPU
		{65AD2974-5C49-43A9-8909-4667A343C8C2}.Debug|Any CPU.ActiveCfg = Debug|Any CPU
		{65AD2974-5C49-43A9-8909-4667A343C8C2}.Debug|Any CPU.Build.0 = Debug|Any CPU
		{65AD2974-5C49-43A9-8909-4667A343C8C2}.Release|Any CPU.ActiveCfg = Release|Any CPU
		{65AD2974-5C49-43A9-8909-4667A343C8C2}.Release|Any CPU.Build.0 = Release|Any CPU
		{1C465F50-F53F-41E1-881E-02DEDDF37B17}.Debug|Any CPU.ActiveCfg = Debug|Any CPU
		{1C465F50-F53F-41E1-881E-02DEDDF37B17}.Debug|Any CPU.Build.0 = Debug|Any CPU
		{1C465F50-F53F-41E1-881E-02DEDDF37B17}.Release|Any CPU.ActiveCfg = Release|Any CPU
		{1C465F50-F53F-41E1-881E-02DEDDF37B17}.Release|Any CPU.Build.0 = Release|Any CPU
		{C35CAEE5-6F41-4A06-8AA9-8D166467471C}.Debug|Any CPU.ActiveCfg = Debug|Any CPU
		{C35CAEE5-6F41-4A06-8AA9-8D166467471C}.Debug|Any CPU.Build.0 = Debug|Any CPU
		{C35CAEE5-6F41-4A06-8AA9-8D166467471C}.Release|Any CPU.ActiveCfg = Release|Any CPU
		{C35CAEE5-6F41-4A06-8AA9-8D166467471C}.Release|Any CPU.Build.0 = Release|Any CPU
	EndGlobalSection
	GlobalSection(SolutionProperties) = preSolution
		HideSolutionNode = FALSE
	EndGlobalSection
	GlobalSection(NestedProjects) = preSolution
		{D729DC9D-A9E4-4487-AFEC-C9B9D053EB7A} = {8FF33F35-47BA-46AB-8052-ED7FC4EBC6D3}
		{11365ABD-FF42-4A0E-88B7-5303AE8DE8DB} = {D4C205D7-35FB-4308-8440-D10D9C79490A}
		{C0B06305-FF05-4397-B9DA-1DAD54B81BF9} = {2EA5E3A4-5533-4018-83EB-C99EDC70E085}
		{65AD2974-5C49-43A9-8909-4667A343C8C2} = {2EA5E3A4-5533-4018-83EB-C99EDC70E085}
		{1C465F50-F53F-41E1-881E-02DEDDF37B17} = {507F1FEF-F67A-4BD6-82E3-F389FC5E5984}
		{C35CAEE5-6F41-4A06-8AA9-8D166467471C} = {507F1FEF-F67A-4BD6-82E3-F389FC5E5984}
	EndGlobalSection
	GlobalSection(ExtensibilityGlobals) = postSolution
		SolutionGuid = {1EBF43A2-F9FB-4169-B6C7-583B8F68D90C}
	EndGlobalSection
EndGlobal
